// !$*UTF8*$!
{
	archiveVersion = 1;
	classes = {
	};
	objectVersion = 51;
	objects = {

/* Begin PBXBuildFile section */
		3E6895AD23520BEB004D9876 /* AppDelegate.swift in Sources */ = {isa = PBXBuildFile; fileRef = 3E6895AC23520BEB004D9876 /* AppDelegate.swift */; };
		3E6895AF23520BEB004D9876 /* SceneDelegate.swift in Sources */ = {isa = PBXBuildFile; fileRef = 3E6895AE23520BEB004D9876 /* SceneDelegate.swift */; };
		3E6895B623520BEB004D9876 /* Main.storyboard in Resources */ = {isa = PBXBuildFile; fileRef = 3E6895B423520BEB004D9876 /* Main.storyboard */; };
		3E6895B823520BEC004D9876 /* Assets.xcassets in Resources */ = {isa = PBXBuildFile; fileRef = 3E6895B723520BEC004D9876 /* Assets.xcassets */; };
		3E6895BB23520BEC004D9876 /* LaunchScreen.storyboard in Resources */ = {isa = PBXBuildFile; fileRef = 3E6895B923520BEC004D9876 /* LaunchScreen.storyboard */; };
		3EDE46DD2352A66800D36B63 /* Constants.swift in Sources */ = {isa = PBXBuildFile; fileRef = 3EDE46DC2352A66800D36B63 /* Constants.swift */; };
		3EDE46DF2352ABCB00D36B63 /* GoogleService-Info.plist in Resources */ = {isa = PBXBuildFile; fileRef = 3EDE46DE2352ABCB00D36B63 /* GoogleService-Info.plist */; };
		3EE296A7235286A600D4AAD8 /* Styles.swift in Sources */ = {isa = PBXBuildFile; fileRef = 3EE296A6235286A600D4AAD8 /* Styles.swift */; };
		4CDB5D1B2352257F0076B678 /* Event.swift in Sources */ = {isa = PBXBuildFile; fileRef = 4CDB5D1A2352257F0076B678 /* Event.swift */; };
		4CDB5D1D235226510076B678 /* SampleEvents.swift in Sources */ = {isa = PBXBuildFile; fileRef = 4CDB5D1C235226510076B678 /* SampleEvents.swift */; };
		4CDB5D1F235234C80076B678 /* NorthAmericaEvents.plist in Resources */ = {isa = PBXBuildFile; fileRef = 4CDB5D1E235234C80076B678 /* NorthAmericaEvents.plist */; };
		4CDB5D212352470B0076B678 /* Organization.swift in Sources */ = {isa = PBXBuildFile; fileRef = 4CDB5D202352470B0076B678 /* Organization.swift */; };
		4CDB5D25235247670076B678 /* SampleOrgs.swift in Sources */ = {isa = PBXBuildFile; fileRef = 4CDB5D24235247670076B678 /* SampleOrgs.swift */; };
		4CDB5D542352D2470076B678 /* FirstViewController.swift in Sources */ = {isa = PBXBuildFile; fileRef = 4CDB5D4D2352D2470076B678 /* FirstViewController.swift */; };
		4CDB5D552352D2470076B678 /* LoginViewController.swift in Sources */ = {isa = PBXBuildFile; fileRef = 4CDB5D4E2352D2470076B678 /* LoginViewController.swift */; };
		4CDB5D562352D2470076B678 /* ThirdViewController.swift in Sources */ = {isa = PBXBuildFile; fileRef = 4CDB5D4F2352D2470076B678 /* ThirdViewController.swift */; };
		4CDB5D572352D2470076B678 /* SecondViewController.swift in Sources */ = {isa = PBXBuildFile; fileRef = 4CDB5D502352D2470076B678 /* SecondViewController.swift */; };
		4CDB5D582352D2470076B678 /* ViewController.swift in Sources */ = {isa = PBXBuildFile; fileRef = 4CDB5D512352D2470076B678 /* ViewController.swift */; };
		4CDB5D592352D2470076B678 /* SignupViewController.swift in Sources */ = {isa = PBXBuildFile; fileRef = 4CDB5D522352D2470076B678 /* SignupViewController.swift */; };
		4CDB5D5A2352D2470076B678 /* AsiaOrgsViewController.swift in Sources */ = {isa = PBXBuildFile; fileRef = 4CDB5D532352D2470076B678 /* AsiaOrgsViewController.swift */; };
		5A68D9FD5D74469356FE2693 /* Pods_Kultura.framework in Frameworks */ = {isa = PBXBuildFile; fileRef = 225E807864F58B798E947F4D /* Pods_Kultura.framework */; };
/* End PBXBuildFile section */

/* Begin PBXFileReference section */
		225E807864F58B798E947F4D /* Pods_Kultura.framework */ = {isa = PBXFileReference; explicitFileType = wrapper.framework; includeInIndex = 0; path = Pods_Kultura.framework; sourceTree = BUILT_PRODUCTS_DIR; };
		2F1D507B53607D610E1B5654 /* Pods-Kultura.release.xcconfig */ = {isa = PBXFileReference; includeInIndex = 1; lastKnownFileType = text.xcconfig; name = "Pods-Kultura.release.xcconfig"; path = "Target Support Files/Pods-Kultura/Pods-Kultura.release.xcconfig"; sourceTree = "<group>"; };
		3E6895A923520BEB004D9876 /* Kultura.app */ = {isa = PBXFileReference; explicitFileType = wrapper.application; includeInIndex = 0; path = Kultura.app; sourceTree = BUILT_PRODUCTS_DIR; };
		3E6895AC23520BEB004D9876 /* AppDelegate.swift */ = {isa = PBXFileReference; lastKnownFileType = sourcecode.swift; path = AppDelegate.swift; sourceTree = "<group>"; };
		3E6895AE23520BEB004D9876 /* SceneDelegate.swift */ = {isa = PBXFileReference; lastKnownFileType = sourcecode.swift; path = SceneDelegate.swift; sourceTree = "<group>"; };
		3E6895B523520BEB004D9876 /* Base */ = {isa = PBXFileReference; lastKnownFileType = file.storyboard; name = Base; path = Base.lproj/Main.storyboard; sourceTree = "<group>"; };
		3E6895B723520BEC004D9876 /* Assets.xcassets */ = {isa = PBXFileReference; lastKnownFileType = folder.assetcatalog; path = Assets.xcassets; sourceTree = "<group>"; };
		3E6895BA23520BEC004D9876 /* Base */ = {isa = PBXFileReference; lastKnownFileType = file.storyboard; name = Base; path = Base.lproj/LaunchScreen.storyboard; sourceTree = "<group>"; };
		3E6895BC23520BEC004D9876 /* Info.plist */ = {isa = PBXFileReference; lastKnownFileType = text.plist.xml; path = Info.plist; sourceTree = "<group>"; };
		3EDE46DC2352A66800D36B63 /* Constants.swift */ = {isa = PBXFileReference; lastKnownFileType = sourcecode.swift; path = Constants.swift; sourceTree = "<group>"; };
		3EDE46DE2352ABCB00D36B63 /* GoogleService-Info.plist */ = {isa = PBXFileReference; fileEncoding = 4; lastKnownFileType = text.plist.xml; path = "GoogleService-Info.plist"; sourceTree = "<group>"; };
		3EE296A6235286A600D4AAD8 /* Styles.swift */ = {isa = PBXFileReference; fileEncoding = 4; lastKnownFileType = sourcecode.swift; path = Styles.swift; sourceTree = "<group>"; };
		4CDB5D1A2352257F0076B678 /* Event.swift */ = {isa = PBXFileReference; lastKnownFileType = sourcecode.swift; path = Event.swift; sourceTree = "<group>"; };
		4CDB5D1C235226510076B678 /* SampleEvents.swift */ = {isa = PBXFileReference; lastKnownFileType = sourcecode.swift; path = SampleEvents.swift; sourceTree = "<group>"; };
		4CDB5D1E235234C80076B678 /* NorthAmericaEvents.plist */ = {isa = PBXFileReference; lastKnownFileType = text.plist.xml; path = NorthAmericaEvents.plist; sourceTree = "<group>"; };
		4CDB5D202352470B0076B678 /* Organization.swift */ = {isa = PBXFileReference; lastKnownFileType = sourcecode.swift; path = Organization.swift; sourceTree = "<group>"; };
		4CDB5D24235247670076B678 /* SampleOrgs.swift */ = {isa = PBXFileReference; lastKnownFileType = sourcecode.swift; path = SampleOrgs.swift; sourceTree = "<group>"; };
		4CDB5D4D2352D2470076B678 /* FirstViewController.swift */ = {isa = PBXFileReference; fileEncoding = 4; lastKnownFileType = sourcecode.swift; name = FirstViewController.swift; path = Kultura/ViewControllers/FirstViewController.swift; sourceTree = SOURCE_ROOT; };
		4CDB5D4E2352D2470076B678 /* LoginViewController.swift */ = {isa = PBXFileReference; fileEncoding = 4; lastKnownFileType = sourcecode.swift; name = LoginViewController.swift; path = Kultura/ViewControllers/LoginViewController.swift; sourceTree = SOURCE_ROOT; };
		4CDB5D4F2352D2470076B678 /* ThirdViewController.swift */ = {isa = PBXFileReference; fileEncoding = 4; lastKnownFileType = sourcecode.swift; name = ThirdViewController.swift; path = Kultura/ViewControllers/ThirdViewController.swift; sourceTree = SOURCE_ROOT; };
		4CDB5D502352D2470076B678 /* SecondViewController.swift */ = {isa = PBXFileReference; fileEncoding = 4; lastKnownFileType = sourcecode.swift; name = SecondViewController.swift; path = Kultura/ViewControllers/SecondViewController.swift; sourceTree = SOURCE_ROOT; };
		4CDB5D512352D2470076B678 /* ViewController.swift */ = {isa = PBXFileReference; fileEncoding = 4; lastKnownFileType = sourcecode.swift; name = ViewController.swift; path = Kultura/ViewControllers/ViewController.swift; sourceTree = SOURCE_ROOT; };
		4CDB5D522352D2470076B678 /* SignupViewController.swift */ = {isa = PBXFileReference; fileEncoding = 4; lastKnownFileType = sourcecode.swift; name = SignupViewController.swift; path = Kultura/ViewControllers/SignupViewController.swift; sourceTree = SOURCE_ROOT; };
		4CDB5D532352D2470076B678 /* AsiaOrgsViewController.swift */ = {isa = PBXFileReference; fileEncoding = 4; lastKnownFileType = sourcecode.swift; name = AsiaOrgsViewController.swift; path = Kultura/ViewControllers/AsiaOrgsViewController.swift; sourceTree = SOURCE_ROOT; };
		B83942222423E5C5E57AD3DB /* Pods-Kultura.debug.xcconfig */ = {isa = PBXFileReference; includeInIndex = 1; lastKnownFileType = text.xcconfig; name = "Pods-Kultura.debug.xcconfig"; path = "Target Support Files/Pods-Kultura/Pods-Kultura.debug.xcconfig"; sourceTree = "<group>"; };
/* End PBXFileReference section */

/* Begin PBXFrameworksBuildPhase section */
		3E6895A623520BEA004D9876 /* Frameworks */ = {
			isa = PBXFrameworksBuildPhase;
			buildActionMask = 2147483647;
			files = (
				5A68D9FD5D74469356FE2693 /* Pods_Kultura.framework in Frameworks */,
			);
			runOnlyForDeploymentPostprocessing = 0;
		};
/* End PBXFrameworksBuildPhase section */

/* Begin PBXGroup section */
		3E6895A023520BEA004D9876 = {
			isa = PBXGroup;
			children = (
				3E6895AB23520BEB004D9876 /* Kultura */,
				3E6895AA23520BEB004D9876 /* Products */,
				5012E2B72EBCAD0D376E8C4C /* Pods */,
				648677371FAA1AABD8542298 /* Frameworks */,
			);
			sourceTree = "<group>";
		};
		3E6895AA23520BEB004D9876 /* Products */ = {
			isa = PBXGroup;
			children = (
				3E6895A923520BEB004D9876 /* Kultura.app */,
			);
			name = Products;
			sourceTree = "<group>";
		};
		3E6895AB23520BEB004D9876 /* Kultura */ = {
			isa = PBXGroup;
			children = (
				3E6895AC23520BEB004D9876 /* AppDelegate.swift */,
				3E6895AE23520BEB004D9876 /* SceneDelegate.swift */,
				4CDB5D4C2352D20B0076B678 /* View Controllers */,
				3E6895B423520BEB004D9876 /* Main.storyboard */,
				3E6895B723520BEC004D9876 /* Assets.xcassets */,
				3E6895B923520BEC004D9876 /* LaunchScreen.storyboard */,
				4CDB5D1A2352257F0076B678 /* Event.swift */,
				3EDE46DC2352A66800D36B63 /* Constants.swift */,
				4CDB5D202352470B0076B678 /* Organization.swift */,
				4CDB5D24235247670076B678 /* SampleOrgs.swift */,
				4CDB5D1C235226510076B678 /* SampleEvents.swift */,
				3EE296A6235286A600D4AAD8 /* Styles.swift */,
				3EDE46DE2352ABCB00D36B63 /* GoogleService-Info.plist */,
				3E6895BC23520BEC004D9876 /* Info.plist */,
				4CDB5D1E235234C80076B678 /* NorthAmericaEvents.plist */,
			);
			path = Kultura;
			sourceTree = "<group>";
		};
		4CDB5D4C2352D20B0076B678 /* View Controllers */ = {
			isa = PBXGroup;
			children = (
				4CDB5D532352D2470076B678 /* AsiaOrgsViewController.swift */,
				4CDB5D4D2352D2470076B678 /* FirstViewController.swift */,
				4CDB5D4E2352D2470076B678 /* LoginViewController.swift */,
				4CDB5D502352D2470076B678 /* SecondViewController.swift */,
				4CDB5D522352D2470076B678 /* SignupViewController.swift */,
				4CDB5D4F2352D2470076B678 /* ThirdViewController.swift */,
				4CDB5D512352D2470076B678 /* ViewController.swift */,
			);
			path = "View Controllers";
			sourceTree = "<group>";
		};
		5012E2B72EBCAD0D376E8C4C /* Pods */ = {
			isa = PBXGroup;
			children = (
				B83942222423E5C5E57AD3DB /* Pods-Kultura.debug.xcconfig */,
				2F1D507B53607D610E1B5654 /* Pods-Kultura.release.xcconfig */,
			);
			path = Pods;
			sourceTree = "<group>";
		};
		648677371FAA1AABD8542298 /* Frameworks */ = {
			isa = PBXGroup;
			children = (
				225E807864F58B798E947F4D /* Pods_Kultura.framework */,
			);
			name = Frameworks;
			sourceTree = "<group>";
		};
/* End PBXGroup section */

/* Begin PBXNativeTarget section */
		3E6895A823520BEA004D9876 /* Kultura */ = {
			isa = PBXNativeTarget;
			buildConfigurationList = 3E6895BF23520BEC004D9876 /* Build configuration list for PBXNativeTarget "Kultura" */;
			buildPhases = (
				2DDB597C60C7D3A2E644A04C /* [CP] Check Pods Manifest.lock */,
				3E6895A523520BEA004D9876 /* Sources */,
				3E6895A623520BEA004D9876 /* Frameworks */,
				3E6895A723520BEA004D9876 /* Resources */,
				91EA1CF8DEE6F01F0E97FBC1 /* [CP] Embed Pods Frameworks */,
				7FE7D5E27EA99C80C5C88A54 /* [CP] Copy Pods Resources */,
			);
			buildRules = (
			);
			dependencies = (
			);
			name = Kultura;
			productName = Kultura;
			productReference = 3E6895A923520BEB004D9876 /* Kultura.app */;
			productType = "com.apple.product-type.application";
		};
/* End PBXNativeTarget section */

/* Begin PBXProject section */
		3E6895A123520BEA004D9876 /* Project object */ = {
			isa = PBXProject;
			attributes = {
				KnownAssetTags = (
					NAmericaButton,
				);
				LastSwiftUpdateCheck = 1110;
				LastUpgradeCheck = 1110;
				ORGANIZATIONNAME = "Cindy Gu";
				TargetAttributes = {
					3E6895A823520BEA004D9876 = {
						CreatedOnToolsVersion = 11.1;
					};
				};
			};
			buildConfigurationList = 3E6895A423520BEA004D9876 /* Build configuration list for PBXProject "Kultura" */;
			compatibilityVersion = "Xcode 9.3";
			developmentRegion = en;
			hasScannedForEncodings = 0;
			knownRegions = (
				en,
				Base,
			);
			mainGroup = 3E6895A023520BEA004D9876;
			productRefGroup = 3E6895AA23520BEB004D9876 /* Products */;
			projectDirPath = "";
			projectRoot = "";
			targets = (
				3E6895A823520BEA004D9876 /* Kultura */,
			);
		};
/* End PBXProject section */

/* Begin PBXResourcesBuildPhase section */
		3E6895A723520BEA004D9876 /* Resources */ = {
			isa = PBXResourcesBuildPhase;
			buildActionMask = 2147483647;
			files = (
				3E6895BB23520BEC004D9876 /* LaunchScreen.storyboard in Resources */,
				3E6895B823520BEC004D9876 /* Assets.xcassets in Resources */,
				3EDE46DF2352ABCB00D36B63 /* GoogleService-Info.plist in Resources */,
				3E6895B623520BEB004D9876 /* Main.storyboard in Resources */,
				4CDB5D1F235234C80076B678 /* NorthAmericaEvents.plist in Resources */,
			);
			runOnlyForDeploymentPostprocessing = 0;
		};
/* End PBXResourcesBuildPhase section */

/* Begin PBXShellScriptBuildPhase section */
		2DDB597C60C7D3A2E644A04C /* [CP] Check Pods Manifest.lock */ = {
			isa = PBXShellScriptBuildPhase;
			buildActionMask = 2147483647;
			files = (
			);
			inputFileListPaths = (
			);
			inputPaths = (
				"${PODS_PODFILE_DIR_PATH}/Podfile.lock",
				"${PODS_ROOT}/Manifest.lock",
			);
			name = "[CP] Check Pods Manifest.lock";
			outputFileListPaths = (
			);
			outputPaths = (
				"$(DERIVED_FILE_DIR)/Pods-Kultura-checkManifestLockResult.txt",
			);
			runOnlyForDeploymentPostprocessing = 0;
			shellPath = /bin/sh;
			shellScript = "diff \"${PODS_PODFILE_DIR_PATH}/Podfile.lock\" \"${PODS_ROOT}/Manifest.lock\" > /dev/null\nif [ $? != 0 ] ; then\n    # print error to STDERR\n    echo \"error: The sandbox is not in sync with the Podfile.lock. Run 'pod install' or update your CocoaPods installation.\" >&2\n    exit 1\nfi\n# This output is used by Xcode 'outputs' to avoid re-running this script phase.\necho \"SUCCESS\" > \"${SCRIPT_OUTPUT_FILE_0}\"\n";
			showEnvVarsInLog = 0;
		};
		7FE7D5E27EA99C80C5C88A54 /* [CP] Copy Pods Resources */ = {
			isa = PBXShellScriptBuildPhase;
			buildActionMask = 2147483647;
			files = (
			);
			inputFileListPaths = (
				"${PODS_ROOT}/Target Support Files/Pods-Kultura/Pods-Kultura-resources-${CONFIGURATION}-input-files.xcfilelist",
			);
			name = "[CP] Copy Pods Resources";
			outputFileListPaths = (
				"${PODS_ROOT}/Target Support Files/Pods-Kultura/Pods-Kultura-resources-${CONFIGURATION}-output-files.xcfilelist",
			);
			runOnlyForDeploymentPostprocessing = 0;
			shellPath = /bin/sh;
			shellScript = "\"${PODS_ROOT}/Target Support Files/Pods-Kultura/Pods-Kultura-resources.sh\"\n";
			showEnvVarsInLog = 0;
		};
		91EA1CF8DEE6F01F0E97FBC1 /* [CP] Embed Pods Frameworks */ = {
			isa = PBXShellScriptBuildPhase;
			buildActionMask = 2147483647;
			files = (
			);
			inputFileListPaths = (
				"${PODS_ROOT}/Target Support Files/Pods-Kultura/Pods-Kultura-frameworks-${CONFIGURATION}-input-files.xcfilelist",
			);
			name = "[CP] Embed Pods Frameworks";
			outputFileListPaths = (
				"${PODS_ROOT}/Target Support Files/Pods-Kultura/Pods-Kultura-frameworks-${CONFIGURATION}-output-files.xcfilelist",
			);
			runOnlyForDeploymentPostprocessing = 0;
			shellPath = /bin/sh;
			shellScript = "\"${PODS_ROOT}/Target Support Files/Pods-Kultura/Pods-Kultura-frameworks.sh\"\n";
			showEnvVarsInLog = 0;
		};
/* End PBXShellScriptBuildPhase section */

/* Begin PBXSourcesBuildPhase section */
		3E6895A523520BEA004D9876 /* Sources */ = {
			isa = PBXSourcesBuildPhase;
			buildActionMask = 2147483647;
			files = (
				4CDB5D572352D2470076B678 /* SecondViewController.swift in Sources */,
				4CDB5D542352D2470076B678 /* FirstViewController.swift in Sources */,
				4CDB5D25235247670076B678 /* SampleOrgs.swift in Sources */,
				3EE296A7235286A600D4AAD8 /* Styles.swift in Sources */,
				3EDE46DD2352A66800D36B63 /* Constants.swift in Sources */,
				4CDB5D1D235226510076B678 /* SampleEvents.swift in Sources */,
				3E6895AD23520BEB004D9876 /* AppDelegate.swift in Sources */,
				4CDB5D1B2352257F0076B678 /* Event.swift in Sources */,
				4CDB5D592352D2470076B678 /* SignupViewController.swift in Sources */,
				4CDB5D5A2352D2470076B678 /* AsiaOrgsViewController.swift in Sources */,
				4CDB5D582352D2470076B678 /* ViewController.swift in Sources */,
				4CDB5D212352470B0076B678 /* Organization.swift in Sources */,
				4CDB5D562352D2470076B678 /* ThirdViewController.swift in Sources */,
				4CDB5D552352D2470076B678 /* LoginViewController.swift in Sources */,
				3E6895AF23520BEB004D9876 /* SceneDelegate.swift in Sources */,
			);
			runOnlyForDeploymentPostprocessing = 0;
		};
/* End PBXSourcesBuildPhase section */

/* Begin PBXVariantGroup section */
		3E6895B423520BEB004D9876 /* Main.storyboard */ = {
			isa = PBXVariantGroup;
			children = (
				3E6895B523520BEB004D9876 /* Base */,
			);
			name = Main.storyboard;
			sourceTree = "<group>";
		};
		3E6895B923520BEC004D9876 /* LaunchScreen.storyboard */ = {
			isa = PBXVariantGroup;
			children = (
				3E6895BA23520BEC004D9876 /* Base */,
			);
			name = LaunchScreen.storyboard;
			sourceTree = "<group>";
		};
/* End PBXVariantGroup section */

/* Begin XCBuildConfiguration section */
		3E6895BD23520BEC004D9876 /* Debug */ = {
			isa = XCBuildConfiguration;
			buildSettings = {
				ALWAYS_SEARCH_USER_PATHS = NO;
				CLANG_ANALYZER_NONNULL = YES;
				CLANG_ANALYZER_NUMBER_OBJECT_CONVERSION = YES_AGGRESSIVE;
				CLANG_CXX_LANGUAGE_STANDARD = "gnu++14";
				CLANG_CXX_LIBRARY = "libc++";
				CLANG_ENABLE_MODULES = YES;
				CLANG_ENABLE_OBJC_ARC = YES;
				CLANG_ENABLE_OBJC_WEAK = YES;
				CLANG_WARN_BLOCK_CAPTURE_AUTORELEASING = YES;
				CLANG_WARN_BOOL_CONVERSION = YES;
				CLANG_WARN_COMMA = YES;
				CLANG_WARN_CONSTANT_CONVERSION = YES;
				CLANG_WARN_DEPRECATED_OBJC_IMPLEMENTATIONS = YES;
				CLANG_WARN_DIRECT_OBJC_ISA_USAGE = YES_ERROR;
				CLANG_WARN_DOCUMENTATION_COMMENTS = YES;
				CLANG_WARN_EMPTY_BODY = YES;
				CLANG_WARN_ENUM_CONVERSION = YES;
				CLANG_WARN_INFINITE_RECURSION = YES;
				CLANG_WARN_INT_CONVERSION = YES;
				CLANG_WARN_NON_LITERAL_NULL_CONVERSION = YES;
				CLANG_WARN_OBJC_IMPLICIT_RETAIN_SELF = YES;
				CLANG_WARN_OBJC_LITERAL_CONVERSION = YES;
				CLANG_WARN_OBJC_ROOT_CLASS = YES_ERROR;
				CLANG_WARN_RANGE_LOOP_ANALYSIS = YES;
				CLANG_WARN_STRICT_PROTOTYPES = YES;
				CLANG_WARN_SUSPICIOUS_MOVE = YES;
				CLANG_WARN_UNGUARDED_AVAILABILITY = YES_AGGRESSIVE;
				CLANG_WARN_UNREACHABLE_CODE = YES;
				CLANG_WARN__DUPLICATE_METHOD_MATCH = YES;
				COPY_PHASE_STRIP = NO;
				DEBUG_INFORMATION_FORMAT = dwarf;
				ENABLE_STRICT_OBJC_MSGSEND = YES;
				ENABLE_TESTABILITY = YES;
				GCC_C_LANGUAGE_STANDARD = gnu11;
				GCC_DYNAMIC_NO_PIC = NO;
				GCC_NO_COMMON_BLOCKS = YES;
				GCC_OPTIMIZATION_LEVEL = 0;
				GCC_PREPROCESSOR_DEFINITIONS = (
					"DEBUG=1",
					"$(inherited)",
				);
				GCC_WARN_64_TO_32_BIT_CONVERSION = YES;
				GCC_WARN_ABOUT_RETURN_TYPE = YES_ERROR;
				GCC_WARN_UNDECLARED_SELECTOR = YES;
				GCC_WARN_UNINITIALIZED_AUTOS = YES_AGGRESSIVE;
				GCC_WARN_UNUSED_FUNCTION = YES;
				GCC_WARN_UNUSED_VARIABLE = YES;
				IPHONEOS_DEPLOYMENT_TARGET = 13.1;
				MTL_ENABLE_DEBUG_INFO = INCLUDE_SOURCE;
				MTL_FAST_MATH = YES;
				ONLY_ACTIVE_ARCH = YES;
				SDKROOT = iphoneos;
				SWIFT_ACTIVE_COMPILATION_CONDITIONS = DEBUG;
				SWIFT_OPTIMIZATION_LEVEL = "-Onone";
			};
			name = Debug;
		};
		3E6895BE23520BEC004D9876 /* Release */ = {
			isa = XCBuildConfiguration;
			buildSettings = {
				ALWAYS_SEARCH_USER_PATHS = NO;
				CLANG_ANALYZER_NONNULL = YES;
				CLANG_ANALYZER_NUMBER_OBJECT_CONVERSION = YES_AGGRESSIVE;
				CLANG_CXX_LANGUAGE_STANDARD = "gnu++14";
				CLANG_CXX_LIBRARY = "libc++";
				CLANG_ENABLE_MODULES = YES;
				CLANG_ENABLE_OBJC_ARC = YES;
				CLANG_ENABLE_OBJC_WEAK = YES;
				CLANG_WARN_BLOCK_CAPTURE_AUTORELEASING = YES;
				CLANG_WARN_BOOL_CONVERSION = YES;
				CLANG_WARN_COMMA = YES;
				CLANG_WARN_CONSTANT_CONVERSION = YES;
				CLANG_WARN_DEPRECATED_OBJC_IMPLEMENTATIONS = YES;
				CLANG_WARN_DIRECT_OBJC_ISA_USAGE = YES_ERROR;
				CLANG_WARN_DOCUMENTATION_COMMENTS = YES;
				CLANG_WARN_EMPTY_BODY = YES;
				CLANG_WARN_ENUM_CONVERSION = YES;
				CLANG_WARN_INFINITE_RECURSION = YES;
				CLANG_WARN_INT_CONVERSION = YES;
				CLANG_WARN_NON_LITERAL_NULL_CONVERSION = YES;
				CLANG_WARN_OBJC_IMPLICIT_RETAIN_SELF = YES;
				CLANG_WARN_OBJC_LITERAL_CONVERSION = YES;
				CLANG_WARN_OBJC_ROOT_CLASS = YES_ERROR;
				CLANG_WARN_RANGE_LOOP_ANALYSIS = YES;
				CLANG_WARN_STRICT_PROTOTYPES = YES;
				CLANG_WARN_SUSPICIOUS_MOVE = YES;
				CLANG_WARN_UNGUARDED_AVAILABILITY = YES_AGGRESSIVE;
				CLANG_WARN_UNREACHABLE_CODE = YES;
				CLANG_WARN__DUPLICATE_METHOD_MATCH = YES;
				COPY_PHASE_STRIP = NO;
				DEBUG_INFORMATION_FORMAT = "dwarf-with-dsym";
				ENABLE_NS_ASSERTIONS = NO;
				ENABLE_STRICT_OBJC_MSGSEND = YES;
				GCC_C_LANGUAGE_STANDARD = gnu11;
				GCC_NO_COMMON_BLOCKS = YES;
				GCC_WARN_64_TO_32_BIT_CONVERSION = YES;
				GCC_WARN_ABOUT_RETURN_TYPE = YES_ERROR;
				GCC_WARN_UNDECLARED_SELECTOR = YES;
				GCC_WARN_UNINITIALIZED_AUTOS = YES_AGGRESSIVE;
				GCC_WARN_UNUSED_FUNCTION = YES;
				GCC_WARN_UNUSED_VARIABLE = YES;
				IPHONEOS_DEPLOYMENT_TARGET = 13.1;
				MTL_ENABLE_DEBUG_INFO = NO;
				MTL_FAST_MATH = YES;
				SDKROOT = iphoneos;
				SWIFT_COMPILATION_MODE = wholemodule;
				SWIFT_OPTIMIZATION_LEVEL = "-O";
				VALIDATE_PRODUCT = YES;
			};
			name = Release;
		};
		3E6895C023520BEC004D9876 /* Debug */ = {
			isa = XCBuildConfiguration;
			baseConfigurationReference = B83942222423E5C5E57AD3DB /* Pods-Kultura.debug.xcconfig */;
			buildSettings = {
				ASSETCATALOG_COMPILER_APPICON_NAME = AppIcon;
				CODE_SIGN_STYLE = Automatic;
				DEVELOPMENT_TEAM = H3633S52C9;
				INFOPLIST_FILE = Kultura/Info.plist;
				LD_RUNPATH_SEARCH_PATHS = (
					"$(inherited)",
					"@executable_path/Frameworks",
				);
				PRODUCT_BUNDLE_IDENTIFIER = cindygu.Kultura;
				PRODUCT_NAME = "$(TARGET_NAME)";
				SWIFT_VERSION = 5.0;
				TARGETED_DEVICE_FAMILY = 1;
			};
			name = Debug;
		};
		3E6895C123520BEC004D9876 /* Release */ = {
			isa = XCBuildConfiguration;
			baseConfigurationReference = 2F1D507B53607D610E1B5654 /* Pods-Kultura.release.xcconfig */;
			buildSettings = {
				ASSETCATALOG_COMPILER_APPICON_NAME = AppIcon;
				CODE_SIGN_STYLE = Automatic;
				DEVELOPMENT_TEAM = H3633S52C9;
				INFOPLIST_FILE = Kultura/Info.plist;
				LD_RUNPATH_SEARCH_PATHS = (
					"$(inherited)",
					"@executable_path/Frameworks",
				);
				PRODUCT_BUNDLE_IDENTIFIER = cindygu.Kultura;
				PRODUCT_NAME = "$(TARGET_NAME)";
				SWIFT_VERSION = 5.0;
				TARGETED_DEVICE_FAMILY = 1;
			};
			name = Release;
		};
/* End XCBuildConfiguration section */

/* Begin XCConfigurationList section */
		3E6895A423520BEA004D9876 /* Build configuration list for PBXProject "Kultura" */ = {
			isa = XCConfigurationList;
			buildConfigurations = (
				3E6895BD23520BEC004D9876 /* Debug */,
				3E6895BE23520BEC004D9876 /* Release */,
			);
			defaultConfigurationIsVisible = 0;
			defaultConfigurationName = Release;
		};
		3E6895BF23520BEC004D9876 /* Build configuration list for PBXNativeTarget "Kultura" */ = {
			isa = XCConfigurationList;
			buildConfigurations = (
				3E6895C023520BEC004D9876 /* Debug */,
				3E6895C123520BEC004D9876 /* Release */,
			);
			defaultConfigurationIsVisible = 0;
			defaultConfigurationName = Release;
		};
/* End XCConfigurationList section */
	};
	rootObject = 3E6895A123520BEA004D9876 /* Project object */;
}
